
Microsoft Visual Studio Solution File, Format Version 12.00
# Visual Studio 15
VisualStudioVersion = 15.0.26124.0
MinimumVisualStudioVersion = 15.0.26124.0
Project("{2150E333-8FDC-42A3-9474-1A3956D46DE8}") = "Applications", "Applications", "{C213E509-D664-4151-8C87-DA129BAC5BB5}"
EndProject
Project("{FAE04EC0-301F-11D3-BF4B-00C04F79EFBC}") = "AllocationsServer", "Applications\AllocationsServer\AllocationsServer.csproj", "{EEBEB47E-6D8C-49AF-8E28-7CA126446FC0}"
EndProject
Project("{FAE04EC0-301F-11D3-BF4B-00C04F79EFBC}") = "BacklogServer", "Applications\BacklogServer\BacklogServer.csproj", "{1B18CED1-6667-4751-A782-72EBF4E9F61B}"
EndProject
Project("{FAE04EC0-301F-11D3-BF4B-00C04F79EFBC}") = "RegistrationServer", "Applications\RegistrationServer\RegistrationServer.csproj", "{4CE14B7C-A53E-4BC2-8A88-A7EEBD67AABE}"
EndProject
Project("{FAE04EC0-301F-11D3-BF4B-00C04F79EFBC}") = "TimesheetsServer", "Applications\TimesheetsServer\TimesheetsServer.csproj", "{305B91C8-4A00-48EB-8C1E-9D9072C4E884}"
EndProject
Project("{2150E333-8FDC-42A3-9474-1A3956D46DE8}") = "Components", "Components", "{79AD851C-4522-4D17-97F5-0DEC371F30A2}"
EndProject
Project("{FAE04EC0-301F-11D3-BF4B-00C04F79EFBC}") = "Accounts", "Components\Accounts\Accounts.csproj", "{8D442D41-05F6-4FF7-A649-BF4656CF893C}"
EndProject
Project("{FAE04EC0-301F-11D3-BF4B-00C04F79EFBC}") = "AccountsTest", "Components\AccountsTest\AccountsTest.csproj", "{948A9BC4-CF42-4CEC-A088-6221078E6346}"
EndProject
Project("{FAE04EC0-301F-11D3-BF4B-00C04F79EFBC}") = "Allocations", "Components\Allocations\Allocations.csproj", "{BD1D9B9D-CBD2-4544-831C-8EA31EE54967}"
EndProject
Project("{FAE04EC0-301F-11D3-BF4B-00C04F79EFBC}") = "AllocationsTest", "Components\AllocationsTest\AllocationsTest.csproj", "{A459D75A-EA64-4A8E-85D9-7C39F9CB6A3E}"
EndProject
Project("{FAE04EC0-301F-11D3-BF4B-00C04F79EFBC}") = "Backlog", "Components\Backlog\Backlog.csproj", "{C229B8D2-6972-4621-820A-352850EB912E}"
EndProject
Project("{FAE04EC0-301F-11D3-BF4B-00C04F79EFBC}") = "BacklogTest", "Components\BacklogTest\BacklogTest.csproj", "{03A80C67-A1E2-4E4B-B042-D67EA5806A76}"
EndProject
Project("{FAE04EC0-301F-11D3-BF4B-00C04F79EFBC}") = "DatabaseSupport", "Components\DatabaseSupport\DatabaseSupport.csproj", "{EC9C9F7D-4488-4C71-ACEB-341DFE6214FD}"
EndProject
Project("{FAE04EC0-301F-11D3-BF4B-00C04F79EFBC}") = "DatabaseSupportTest", "Components\DatabaseSupportTest\DatabaseSupportTest.csproj", "{1FC6FBDE-AB81-47F5-B4B8-ADFCDF3D9F20}"
EndProject
Project("{FAE04EC0-301F-11D3-BF4B-00C04F79EFBC}") = "Projects", "Components\Projects\Projects.csproj", "{52FCA349-9C76-4D32-B21F-4C6B8FABF4CF}"
EndProject
Project("{FAE04EC0-301F-11D3-BF4B-00C04F79EFBC}") = "ProjectsTest", "Components\ProjectsTest\ProjectsTest.csproj", "{366AEA11-A1F7-4301-80D8-38FA05E1C115}"
EndProject
Project("{FAE04EC0-301F-11D3-BF4B-00C04F79EFBC}") = "TestSupport", "Components\TestSupport\TestSupport.csproj", "{4412151D-34EB-4CDC-AA0C-B9DC38A1C14A}"
EndProject
Project("{FAE04EC0-301F-11D3-BF4B-00C04F79EFBC}") = "Timesheets", "Components\Timesheets\Timesheets.csproj", "{AA9F46B2-E5B0-48C2-B9C5-40FD810A7372}"
EndProject
Project("{FAE04EC0-301F-11D3-BF4B-00C04F79EFBC}") = "TimesheetsTest", "Components\TimesheetsTest\TimesheetsTest.csproj", "{C12ECF18-A535-4940-BA4A-1609E48CE8AC}"
EndProject
Project("{FAE04EC0-301F-11D3-BF4B-00C04F79EFBC}") = "Users", "Components\Users\Users.csproj", "{8CEC65E7-331F-4E36-80B1-40D6AF338A83}"
EndProject
Project("{FAE04EC0-301F-11D3-BF4B-00C04F79EFBC}") = "UsersTest", "Components\UsersTest\UsersTest.csproj", "{B7635044-DD88-4577-91F8-0FBD7FBEDB88}"
EndProject
Global
	GlobalSection(SolutionConfigurationPlatforms) = preSolution
		Debug|Any CPU = Debug|Any CPU
		Debug|x64 = Debug|x64
		Debug|x86 = Debug|x86
		Release|Any CPU = Release|Any CPU
		Release|x64 = Release|x64
		Release|x86 = Release|x86
	EndGlobalSection
	GlobalSection(SolutionProperties) = preSolution
		HideSolutionNode = FALSE
	EndGlobalSection
	GlobalSection(ProjectConfigurationPlatforms) = postSolution
		{EEBEB47E-6D8C-49AF-8E28-7CA126446FC0}.Debug|Any CPU.ActiveCfg = Debug|Any CPU
		{EEBEB47E-6D8C-49AF-8E28-7CA126446FC0}.Debug|Any CPU.Build.0 = Debug|Any CPU
		{EEBEB47E-6D8C-49AF-8E28-7CA126446FC0}.Debug|x64.ActiveCfg = Debug|x64
		{EEBEB47E-6D8C-49AF-8E28-7CA126446FC0}.Debug|x64.Build.0 = Debug|x64
		{EEBEB47E-6D8C-49AF-8E28-7CA126446FC0}.Debug|x86.ActiveCfg = Debug|x86
		{EEBEB47E-6D8C-49AF-8E28-7CA126446FC0}.Debug|x86.Build.0 = Debug|x86
		{EEBEB47E-6D8C-49AF-8E28-7CA126446FC0}.Release|Any CPU.ActiveCfg = Release|Any CPU
		{EEBEB47E-6D8C-49AF-8E28-7CA126446FC0}.Release|Any CPU.Build.0 = Release|Any CPU
		{EEBEB47E-6D8C-49AF-8E28-7CA126446FC0}.Release|x64.ActiveCfg = Release|x64
		{EEBEB47E-6D8C-49AF-8E28-7CA126446FC0}.Release|x64.Build.0 = Release|x64
		{EEBEB47E-6D8C-49AF-8E28-7CA126446FC0}.Release|x86.ActiveCfg = Release|x86
		{EEBEB47E-6D8C-49AF-8E28-7CA126446FC0}.Release|x86.Build.0 = Release|x86
		{1B18CED1-6667-4751-A782-72EBF4E9F61B}.Debug|Any CPU.ActiveCfg = Debug|Any CPU
		{1B18CED1-6667-4751-A782-72EBF4E9F61B}.Debug|Any CPU.Build.0 = Debug|Any CPU
		{1B18CED1-6667-4751-A782-72EBF4E9F61B}.Debug|x64.ActiveCfg = Debug|x64
		{1B18CED1-6667-4751-A782-72EBF4E9F61B}.Debug|x64.Build.0 = Debug|x64
		{1B18CED1-6667-4751-A782-72EBF4E9F61B}.Debug|x86.ActiveCfg = Debug|x86
		{1B18CED1-6667-4751-A782-72EBF4E9F61B}.Debug|x86.Build.0 = Debug|x86
		{1B18CED1-6667-4751-A782-72EBF4E9F61B}.Release|Any CPU.ActiveCfg = Release|Any CPU
		{1B18CED1-6667-4751-A782-72EBF4E9F61B}.Release|Any CPU.Build.0 = Release|Any CPU
		{1B18CED1-6667-4751-A782-72EBF4E9F61B}.Release|x64.ActiveCfg = Release|x64
		{1B18CED1-6667-4751-A782-72EBF4E9F61B}.Release|x64.Build.0 = Release|x64
		{1B18CED1-6667-4751-A782-72EBF4E9F61B}.Release|x86.ActiveCfg = Release|x86
		{1B18CED1-6667-4751-A782-72EBF4E9F61B}.Release|x86.Build.0 = Release|x86
		{4CE14B7C-A53E-4BC2-8A88-A7EEBD67AABE}.Debug|Any CPU.ActiveCfg = Debug|Any CPU
		{4CE14B7C-A53E-4BC2-8A88-A7EEBD67AABE}.Debug|Any CPU.Build.0 = Debug|Any CPU
		{4CE14B7C-A53E-4BC2-8A88-A7EEBD67AABE}.Debug|x64.ActiveCfg = Debug|x64
		{4CE14B7C-A53E-4BC2-8A88-A7EEBD67AABE}.Debug|x64.Build.0 = Debug|x64
		{4CE14B7C-A53E-4BC2-8A88-A7EEBD67AABE}.Debug|x86.ActiveCfg = Debug|x86
		{4CE14B7C-A53E-4BC2-8A88-A7EEBD67AABE}.Debug|x86.Build.0 = Debug|x86
		{4CE14B7C-A53E-4BC2-8A88-A7EEBD67AABE}.Release|Any CPU.ActiveCfg = Release|Any CPU
		{4CE14B7C-A53E-4BC2-8A88-A7EEBD67AABE}.Release|Any CPU.Build.0 = Release|Any CPU
		{4CE14B7C-A53E-4BC2-8A88-A7EEBD67AABE}.Release|x64.ActiveCfg = Release|x64
		{4CE14B7C-A53E-4BC2-8A88-A7EEBD67AABE}.Release|x64.Build.0 = Release|x64
		{4CE14B7C-A53E-4BC2-8A88-A7EEBD67AABE}.Release|x86.ActiveCfg = Release|x86
		{4CE14B7C-A53E-4BC2-8A88-A7EEBD67AABE}.Release|x86.Build.0 = Release|x86
		{305B91C8-4A00-48EB-8C1E-9D9072C4E884}.Debug|Any CPU.ActiveCfg = Debug|Any CPU
		{305B91C8-4A00-48EB-8C1E-9D9072C4E884}.Debug|Any CPU.Build.0 = Debug|Any CPU
		{305B91C8-4A00-48EB-8C1E-9D9072C4E884}.Debug|x64.ActiveCfg = Debug|x64
		{305B91C8-4A00-48EB-8C1E-9D9072C4E884}.Debug|x64.Build.0 = Debug|x64
		{305B91C8-4A00-48EB-8C1E-9D9072C4E884}.Debug|x86.ActiveCfg = Debug|x86
		{305B91C8-4A00-48EB-8C1E-9D9072C4E884}.Debug|x86.Build.0 = Debug|x86
		{305B91C8-4A00-48EB-8C1E-9D9072C4E884}.Release|Any CPU.ActiveCfg = Release|Any CPU
		{305B91C8-4A00-48EB-8C1E-9D9072C4E884}.Release|Any CPU.Build.0 = Release|Any CPU
		{305B91C8-4A00-48EB-8C1E-9D9072C4E884}.Release|x64.ActiveCfg = Release|x64
		{305B91C8-4A00-48EB-8C1E-9D9072C4E884}.Release|x64.Build.0 = Release|x64
		{305B91C8-4A00-48EB-8C1E-9D9072C4E884}.Release|x86.ActiveCfg = Release|x86
		{305B91C8-4A00-48EB-8C1E-9D9072C4E884}.Release|x86.Build.0 = Release|x86
		{8D442D41-05F6-4FF7-A649-BF4656CF893C}.Debug|Any CPU.ActiveCfg = Debug|Any CPU
		{8D442D41-05F6-4FF7-A649-BF4656CF893C}.Debug|Any CPU.Build.0 = Debug|Any CPU
		{8D442D41-05F6-4FF7-A649-BF4656CF893C}.Debug|x64.ActiveCfg = Debug|x64
		{8D442D41-05F6-4FF7-A649-BF4656CF893C}.Debug|x64.Build.0 = Debug|x64
		{8D442D41-05F6-4FF7-A649-BF4656CF893C}.Debug|x86.ActiveCfg = Debug|x86
		{8D442D41-05F6-4FF7-A649-BF4656CF893C}.Debug|x86.Build.0 = Debug|x86
		{8D442D41-05F6-4FF7-A649-BF4656CF893C}.Release|Any CPU.ActiveCfg = Release|Any CPU
		{8D442D41-05F6-4FF7-A649-BF4656CF893C}.Release|Any CPU.Build.0 = Release|Any CPU
		{8D442D41-05F6-4FF7-A649-BF4656CF893C}.Release|x64.ActiveCfg = Release|x64
		{8D442D41-05F6-4FF7-A649-BF4656CF893C}.Release|x64.Build.0 = Release|x64
		{8D442D41-05F6-4FF7-A649-BF4656CF893C}.Release|x86.ActiveCfg = Release|x86
		{8D442D41-05F6-4FF7-A649-BF4656CF893C}.Release|x86.Build.0 = Release|x86
		{948A9BC4-CF42-4CEC-A088-6221078E6346}.Debug|Any CPU.ActiveCfg = Debug|Any CPU
		{948A9BC4-CF42-4CEC-A088-6221078E6346}.Debug|Any CPU.Build.0 = Debug|Any CPU
		{948A9BC4-CF42-4CEC-A088-6221078E6346}.Debug|x64.ActiveCfg = Debug|x64
		{948A9BC4-CF42-4CEC-A088-6221078E6346}.Debug|x64.Build.0 = Debug|x64
		{948A9BC4-CF42-4CEC-A088-6221078E6346}.Debug|x86.ActiveCfg = Debug|x86
		{948A9BC4-CF42-4CEC-A088-6221078E6346}.Debug|x86.Build.0 = Debug|x86
		{948A9BC4-CF42-4CEC-A088-6221078E6346}.Release|Any CPU.ActiveCfg = Release|Any CPU
		{948A9BC4-CF42-4CEC-A088-6221078E6346}.Release|Any CPU.Build.0 = Release|Any CPU
		{948A9BC4-CF42-4CEC-A088-6221078E6346}.Release|x64.ActiveCfg = Release|x64
		{948A9BC4-CF42-4CEC-A088-6221078E6346}.Release|x64.Build.0 = Release|x64
		{948A9BC4-CF42-4CEC-A088-6221078E6346}.Release|x86.ActiveCfg = Release|x86
		{948A9BC4-CF42-4CEC-A088-6221078E6346}.Release|x86.Build.0 = Release|x86
		{BD1D9B9D-CBD2-4544-831C-8EA31EE54967}.Debug|Any CPU.ActiveCfg = Debug|Any CPU
		{BD1D9B9D-CBD2-4544-831C-8EA31EE54967}.Debug|Any CPU.Build.0 = Debug|Any CPU
		{BD1D9B9D-CBD2-4544-831C-8EA31EE54967}.Debug|x64.ActiveCfg = Debug|x64
		{BD1D9B9D-CBD2-4544-831C-8EA31EE54967}.Debug|x64.Build.0 = Debug|x64
		{BD1D9B9D-CBD2-4544-831C-8EA31EE54967}.Debug|x86.ActiveCfg = Debug|x86
		{BD1D9B9D-CBD2-4544-831C-8EA31EE54967}.Debug|x86.Build.0 = Debug|x86
		{BD1D9B9D-CBD2-4544-831C-8EA31EE54967}.Release|Any CPU.ActiveCfg = Release|Any CPU
		{BD1D9B9D-CBD2-4544-831C-8EA31EE54967}.Release|Any CPU.Build.0 = Release|Any CPU
		{BD1D9B9D-CBD2-4544-831C-8EA31EE54967}.Release|x64.ActiveCfg = Release|x64
		{BD1D9B9D-CBD2-4544-831C-8EA31EE54967}.Release|x64.Build.0 = Release|x64
		{BD1D9B9D-CBD2-4544-831C-8EA31EE54967}.Release|x86.ActiveCfg = Release|x86
		{BD1D9B9D-CBD2-4544-831C-8EA31EE54967}.Release|x86.Build.0 = Release|x86
		{A459D75A-EA64-4A8E-85D9-7C39F9CB6A3E}.Debug|Any CPU.ActiveCfg = Debug|Any CPU
		{A459D75A-EA64-4A8E-85D9-7C39F9CB6A3E}.Debug|Any CPU.Build.0 = Debug|Any CPU
		{A459D75A-EA64-4A8E-85D9-7C39F9CB6A3E}.Debug|x64.ActiveCfg = Debug|x64
		{A459D75A-EA64-4A8E-85D9-7C39F9CB6A3E}.Debug|x64.Build.0 = Debug|x64
		{A459D75A-EA64-4A8E-85D9-7C39F9CB6A3E}.Debug|x86.ActiveCfg = Debug|x86
		{A459D75A-EA64-4A8E-85D9-7C39F9CB6A3E}.Debug|x86.Build.0 = Debug|x86
		{A459D75A-EA64-4A8E-85D9-7C39F9CB6A3E}.Release|Any CPU.ActiveCfg = Release|Any CPU
		{A459D75A-EA64-4A8E-85D9-7C39F9CB6A3E}.Release|Any CPU.Build.0 = Release|Any CPU
		{A459D75A-EA64-4A8E-85D9-7C39F9CB6A3E}.Release|x64.ActiveCfg = Release|x64
		{A459D75A-EA64-4A8E-85D9-7C39F9CB6A3E}.Release|x64.Build.0 = Release|x64
		{A459D75A-EA64-4A8E-85D9-7C39F9CB6A3E}.Release|x86.ActiveCfg = Release|x86
		{A459D75A-EA64-4A8E-85D9-7C39F9CB6A3E}.Release|x86.Build.0 = Release|x86
		{C229B8D2-6972-4621-820A-352850EB912E}.Debug|Any CPU.ActiveCfg = Debug|Any CPU
		{C229B8D2-6972-4621-820A-352850EB912E}.Debug|Any CPU.Build.0 = Debug|Any CPU
		{C229B8D2-6972-4621-820A-352850EB912E}.Debug|x64.ActiveCfg = Debug|x64
		{C229B8D2-6972-4621-820A-352850EB912E}.Debug|x64.Build.0 = Debug|x64
		{C229B8D2-6972-4621-820A-352850EB912E}.Debug|x86.ActiveCfg = Debug|x86
		{C229B8D2-6972-4621-820A-352850EB912E}.Debug|x86.Build.0 = Debug|x86
		{C229B8D2-6972-4621-820A-352850EB912E}.Release|Any CPU.ActiveCfg = Release|Any CPU
		{C229B8D2-6972-4621-820A-352850EB912E}.Release|Any CPU.Build.0 = Release|Any CPU
		{C229B8D2-6972-4621-820A-352850EB912E}.Release|x64.ActiveCfg = Release|x64
		{C229B8D2-6972-4621-820A-352850EB912E}.Release|x64.Build.0 = Release|x64
		{C229B8D2-6972-4621-820A-352850EB912E}.Release|x86.ActiveCfg = Release|x86
		{C229B8D2-6972-4621-820A-352850EB912E}.Release|x86.Build.0 = Release|x86
		{03A80C67-A1E2-4E4B-B042-D67EA5806A76}.Debug|Any CPU.ActiveCfg = Debug|Any CPU
		{03A80C67-A1E2-4E4B-B042-D67EA5806A76}.Debug|Any CPU.Build.0 = Debug|Any CPU
		{03A80C67-A1E2-4E4B-B042-D67EA5806A76}.Debug|x64.ActiveCfg = Debug|x64
		{03A80C67-A1E2-4E4B-B042-D67EA5806A76}.Debug|x64.Build.0 = Debug|x64
		{03A80C67-A1E2-4E4B-B042-D67EA5806A76}.Debug|x86.ActiveCfg = Debug|x86
		{03A80C67-A1E2-4E4B-B042-D67EA5806A76}.Debug|x86.Build.0 = Debug|x86
		{03A80C67-A1E2-4E4B-B042-D67EA5806A76}.Release|Any CPU.ActiveCfg = Release|Any CPU
		{03A80C67-A1E2-4E4B-B042-D67EA5806A76}.Release|Any CPU.Build.0 = Release|Any CPU
		{03A80C67-A1E2-4E4B-B042-D67EA5806A76}.Release|x64.ActiveCfg = Release|x64
		{03A80C67-A1E2-4E4B-B042-D67EA5806A76}.Release|x64.Build.0 = Release|x64
		{03A80C67-A1E2-4E4B-B042-D67EA5806A76}.Release|x86.ActiveCfg = Release|x86
		{03A80C67-A1E2-4E4B-B042-D67EA5806A76}.Release|x86.Build.0 = Release|x86
		{EC9C9F7D-4488-4C71-ACEB-341DFE6214FD}.Debug|Any CPU.ActiveCfg = Debug|Any CPU
		{EC9C9F7D-4488-4C71-ACEB-341DFE6214FD}.Debug|Any CPU.Build.0 = Debug|Any CPU
		{EC9C9F7D-4488-4C71-ACEB-341DFE6214FD}.Debug|x64.ActiveCfg = Debug|x64
		{EC9C9F7D-4488-4C71-ACEB-341DFE6214FD}.Debug|x64.Build.0 = Debug|x64
		{EC9C9F7D-4488-4C71-ACEB-341DFE6214FD}.Debug|x86.ActiveCfg = Debug|x86
		{EC9C9F7D-4488-4C71-ACEB-341DFE6214FD}.Debug|x86.Build.0 = Debug|x86
		{EC9C9F7D-4488-4C71-ACEB-341DFE6214FD}.Release|Any CPU.ActiveCfg = Release|Any CPU
		{EC9C9F7D-4488-4C71-ACEB-341DFE6214FD}.Release|Any CPU.Build.0 = Release|Any CPU
		{EC9C9F7D-4488-4C71-ACEB-341DFE6214FD}.Release|x64.ActiveCfg = Release|x64
		{EC9C9F7D-4488-4C71-ACEB-341DFE6214FD}.Release|x64.Build.0 = Release|x64
		{EC9C9F7D-4488-4C71-ACEB-341DFE6214FD}.Release|x86.ActiveCfg = Release|x86
		{EC9C9F7D-4488-4C71-ACEB-341DFE6214FD}.Release|x86.Build.0 = Release|x86
		{1FC6FBDE-AB81-47F5-B4B8-ADFCDF3D9F20}.Debug|Any CPU.ActiveCfg = Debug|Any CPU
		{1FC6FBDE-AB81-47F5-B4B8-ADFCDF3D9F20}.Debug|Any CPU.Build.0 = Debug|Any CPU
		{1FC6FBDE-AB81-47F5-B4B8-ADFCDF3D9F20}.Debug|x64.ActiveCfg = Debug|x64
		{1FC6FBDE-AB81-47F5-B4B8-ADFCDF3D9F20}.Debug|x64.Build.0 = Debug|x64
		{1FC6FBDE-AB81-47F5-B4B8-ADFCDF3D9F20}.Debug|x86.ActiveCfg = Debug|x86
		{1FC6FBDE-AB81-47F5-B4B8-ADFCDF3D9F20}.Debug|x86.Build.0 = Debug|x86
		{1FC6FBDE-AB81-47F5-B4B8-ADFCDF3D9F20}.Release|Any CPU.ActiveCfg = Release|Any CPU
		{1FC6FBDE-AB81-47F5-B4B8-ADFCDF3D9F20}.Release|Any CPU.Build.0 = Release|Any CPU
		{1FC6FBDE-AB81-47F5-B4B8-ADFCDF3D9F20}.Release|x64.ActiveCfg = Release|x64
		{1FC6FBDE-AB81-47F5-B4B8-ADFCDF3D9F20}.Release|x64.Build.0 = Release|x64
		{1FC6FBDE-AB81-47F5-B4B8-ADFCDF3D9F20}.Release|x86.ActiveCfg = Release|x86
		{1FC6FBDE-AB81-47F5-B4B8-ADFCDF3D9F20}.Release|x86.Build.0 = Release|x86
		{52FCA349-9C76-4D32-B21F-4C6B8FABF4CF}.Debug|Any CPU.ActiveCfg = Debug|Any CPU
		{52FCA349-9C76-4D32-B21F-4C6B8FABF4CF}.Debug|Any CPU.Build.0 = Debug|Any CPU
		{52FCA349-9C76-4D32-B21F-4C6B8FABF4CF}.Debug|x64.ActiveCfg = Debug|x64
		{52FCA349-9C76-4D32-B21F-4C6B8FABF4CF}.Debug|x64.Build.0 = Debug|x64
		{52FCA349-9C76-4D32-B21F-4C6B8FABF4CF}.Debug|x86.ActiveCfg = Debug|x86
		{52FCA349-9C76-4D32-B21F-4C6B8FABF4CF}.Debug|x86.Build.0 = Debug|x86
		{52FCA349-9C76-4D32-B21F-4C6B8FABF4CF}.Release|Any CPU.ActiveCfg = Release|Any CPU
		{52FCA349-9C76-4D32-B21F-4C6B8FABF4CF}.Release|Any CPU.Build.0 = Release|Any CPU
		{52FCA349-9C76-4D32-B21F-4C6B8FABF4CF}.Release|x64.ActiveCfg = Release|x64
		{52FCA349-9C76-4D32-B21F-4C6B8FABF4CF}.Release|x64.Build.0 = Release|x64
		{52FCA349-9C76-4D32-B21F-4C6B8FABF4CF}.Release|x86.ActiveCfg = Release|x86
		{52FCA349-9C76-4D32-B21F-4C6B8FABF4CF}.Release|x86.Build.0 = Release|x86
		{366AEA11-A1F7-4301-80D8-38FA05E1C115}.Debug|Any CPU.ActiveCfg = Debug|Any CPU
		{366AEA11-A1F7-4301-80D8-38FA05E1C115}.Debug|Any CPU.Build.0 = Debug|Any CPU
		{366AEA11-A1F7-4301-80D8-38FA05E1C115}.Debug|x64.ActiveCfg = Debug|x64
		{366AEA11-A1F7-4301-80D8-38FA05E1C115}.Debug|x64.Build.0 = Debug|x64
		{366AEA11-A1F7-4301-80D8-38FA05E1C115}.Debug|x86.ActiveCfg = Debug|x86
		{366AEA11-A1F7-4301-80D8-38FA05E1C115}.Debug|x86.Build.0 = Debug|x86
		{366AEA11-A1F7-4301-80D8-38FA05E1C115}.Release|Any CPU.ActiveCfg = Release|Any CPU
		{366AEA11-A1F7-4301-80D8-38FA05E1C115}.Release|Any CPU.Build.0 = Release|Any CPU
		{366AEA11-A1F7-4301-80D8-38FA05E1C115}.Release|x64.ActiveCfg = Release|x64
		{366AEA11-A1F7-4301-80D8-38FA05E1C115}.Release|x64.Build.0 = Release|x64
		{366AEA11-A1F7-4301-80D8-38FA05E1C115}.Release|x86.ActiveCfg = Release|x86
		{366AEA11-A1F7-4301-80D8-38FA05E1C115}.Release|x86.Build.0 = Release|x86
		{4412151D-34EB-4CDC-AA0C-B9DC38A1C14A}.Debug|Any CPU.ActiveCfg = Debug|Any CPU
		{4412151D-34EB-4CDC-AA0C-B9DC38A1C14A}.Debug|Any CPU.Build.0 = Debug|Any CPU
		{4412151D-34EB-4CDC-AA0C-B9DC38A1C14A}.Debug|x64.ActiveCfg = Debug|x64
		{4412151D-34EB-4CDC-AA0C-B9DC38A1C14A}.Debug|x64.Build.0 = Debug|x64
		{4412151D-34EB-4CDC-AA0C-B9DC38A1C14A}.Debug|x86.ActiveCfg = Debug|x86
		{4412151D-34EB-4CDC-AA0C-B9DC38A1C14A}.Debug|x86.Build.0 = Debug|x86
		{4412151D-34EB-4CDC-AA0C-B9DC38A1C14A}.Release|Any CPU.ActiveCfg = Release|Any CPU
		{4412151D-34EB-4CDC-AA0C-B9DC38A1C14A}.Release|Any CPU.Build.0 = Release|Any CPU
		{4412151D-34EB-4CDC-AA0C-B9DC38A1C14A}.Release|x64.ActiveCfg = Release|x64
		{4412151D-34EB-4CDC-AA0C-B9DC38A1C14A}.Release|x64.Build.0 = Release|x64
		{4412151D-34EB-4CDC-AA0C-B9DC38A1C14A}.Release|x86.ActiveCfg = Release|x86
		{4412151D-34EB-4CDC-AA0C-B9DC38A1C14A}.Release|x86.Build.0 = Release|x86
		{AA9F46B2-E5B0-48C2-B9C5-40FD810A7372}.Debug|Any CPU.ActiveCfg = Debug|Any CPU
		{AA9F46B2-E5B0-48C2-B9C5-40FD810A7372}.Debug|Any CPU.Build.0 = Debug|Any CPU
		{AA9F46B2-E5B0-48C2-B9C5-40FD810A7372}.Debug|x64.ActiveCfg = Debug|x64
		{AA9F46B2-E5B0-48C2-B9C5-40FD810A7372}.Debug|x64.Build.0 = Debug|x64
		{AA9F46B2-E5B0-48C2-B9C5-40FD810A7372}.Debug|x86.ActiveCfg = Debug|x86
		{AA9F46B2-E5B0-48C2-B9C5-40FD810A7372}.Debug|x86.Build.0 = Debug|x86
		{AA9F46B2-E5B0-48C2-B9C5-40FD810A7372}.Release|Any CPU.ActiveCfg = Release|Any CPU
		{AA9F46B2-E5B0-48C2-B9C5-40FD810A7372}.Release|Any CPU.Build.0 = Release|Any CPU
		{AA9F46B2-E5B0-48C2-B9C5-40FD810A7372}.Release|x64.ActiveCfg = Release|x64
		{AA9F46B2-E5B0-48C2-B9C5-40FD810A7372}.Release|x64.Build.0 = Release|x64
		{AA9F46B2-E5B0-48C2-B9C5-40FD810A7372}.Release|x86.ActiveCfg = Release|x86
		{AA9F46B2-E5B0-48C2-B9C5-40FD810A7372}.Release|x86.Build.0 = Release|x86
		{C12ECF18-A535-4940-BA4A-1609E48CE8AC}.Debug|Any CPU.ActiveCfg = Debug|Any CPU
		{C12ECF18-A535-4940-BA4A-1609E48CE8AC}.Debug|Any CPU.Build.0 = Debug|Any CPU
		{C12ECF18-A535-4940-BA4A-1609E48CE8AC}.Debug|x64.ActiveCfg = Debug|x64
		{C12ECF18-A535-4940-BA4A-1609E48CE8AC}.Debug|x64.Build.0 = Debug|x64
		{C12ECF18-A535-4940-BA4A-1609E48CE8AC}.Debug|x86.ActiveCfg = Debug|x86
		{C12ECF18-A535-4940-BA4A-1609E48CE8AC}.Debug|x86.Build.0 = Debug|x86
		{C12ECF18-A535-4940-BA4A-1609E48CE8AC}.Release|Any CPU.ActiveCfg = Release|Any CPU
		{C12ECF18-A535-4940-BA4A-1609E48CE8AC}.Release|Any CPU.Build.0 = Release|Any CPU
		{C12ECF18-A535-4940-BA4A-1609E48CE8AC}.Release|x64.ActiveCfg = Release|x64
		{C12ECF18-A535-4940-BA4A-1609E48CE8AC}.Release|x64.Build.0 = Release|x64
		{C12ECF18-A535-4940-BA4A-1609E48CE8AC}.Release|x86.ActiveCfg = Release|x86
		{C12ECF18-A535-4940-BA4A-1609E48CE8AC}.Release|x86.Build.0 = Release|x86
		{8CEC65E7-331F-4E36-80B1-40D6AF338A83}.Debug|Any CPU.ActiveCfg = Debug|Any CPU
		{8CEC65E7-331F-4E36-80B1-40D6AF338A83}.Debug|Any CPU.Build.0 = Debug|Any CPU
		{8CEC65E7-331F-4E36-80B1-40D6AF338A83}.Debug|x64.ActiveCfg = Debug|x64
		{8CEC65E7-331F-4E36-80B1-40D6AF338A83}.Debug|x64.Build.0 = Debug|x64
		{8CEC65E7-331F-4E36-80B1-40D6AF338A83}.Debug|x86.ActiveCfg = Debug|x86
		{8CEC65E7-331F-4E36-80B1-40D6AF338A83}.Debug|x86.Build.0 = Debug|x86
		{8CEC65E7-331F-4E36-80B1-40D6AF338A83}.Release|Any CPU.ActiveCfg = Release|Any CPU
		{8CEC65E7-331F-4E36-80B1-40D6AF338A83}.Release|Any CPU.Build.0 = Release|Any CPU
		{8CEC65E7-331F-4E36-80B1-40D6AF338A83}.Release|x64.ActiveCfg = Release|x64
		{8CEC65E7-331F-4E36-80B1-40D6AF338A83}.Release|x64.Build.0 = Release|x64
		{8CEC65E7-331F-4E36-80B1-40D6AF338A83}.Release|x86.ActiveCfg = Release|x86
		{8CEC65E7-331F-4E36-80B1-40D6AF338A83}.Release|x86.Build.0 = Release|x86
		{B7635044-DD88-4577-91F8-0FBD7FBEDB88}.Debug|Any CPU.ActiveCfg = Debug|Any CPU
		{B7635044-DD88-4577-91F8-0FBD7FBEDB88}.Debug|Any CPU.Build.0 = Debug|Any CPU
		{B7635044-DD88-4577-91F8-0FBD7FBEDB88}.Debug|x64.ActiveCfg = Debug|x64
		{B7635044-DD88-4577-91F8-0FBD7FBEDB88}.Debug|x64.Build.0 = Debug|x64
		{B7635044-DD88-4577-91F8-0FBD7FBEDB88}.Debug|x86.ActiveCfg = Debug|x86
		{B7635044-DD88-4577-91F8-0FBD7FBEDB88}.Debug|x86.Build.0 = Debug|x86
		{B7635044-DD88-4577-91F8-0FBD7FBEDB88}.Release|Any CPU.ActiveCfg = Release|Any CPU
		{B7635044-DD88-4577-91F8-0FBD7FBEDB88}.Release|Any CPU.Build.0 = Release|Any CPU
		{B7635044-DD88-4577-91F8-0FBD7FBEDB88}.Release|x64.ActiveCfg = Release|x64
		{B7635044-DD88-4577-91F8-0FBD7FBEDB88}.Release|x64.Build.0 = Release|x64
		{B7635044-DD88-4577-91F8-0FBD7FBEDB88}.Release|x86.ActiveCfg = Release|x86
		{B7635044-DD88-4577-91F8-0FBD7FBEDB88}.Release|x86.Build.0 = Release|x86
	EndGlobalSection
	GlobalSection(NestedProjects) = preSolution
		{EEBEB47E-6D8C-49AF-8E28-7CA126446FC0} = {C213E509-D664-4151-8C87-DA129BAC5BB5}
		{1B18CED1-6667-4751-A782-72EBF4E9F61B} = {C213E509-D664-4151-8C87-DA129BAC5BB5}
		{4CE14B7C-A53E-4BC2-8A88-A7EEBD67AABE} = {C213E509-D664-4151-8C87-DA129BAC5BB5}
		{305B91C8-4A00-48EB-8C1E-9D9072C4E884} = {C213E509-D664-4151-8C87-DA129BAC5BB5}
		{8D442D41-05F6-4FF7-A649-BF4656CF893C} = {79AD851C-4522-4D17-97F5-0DEC371F30A2}
		{948A9BC4-CF42-4CEC-A088-6221078E6346} = {79AD851C-4522-4D17-97F5-0DEC371F30A2}
		{BD1D9B9D-CBD2-4544-831C-8EA31EE54967} = {79AD851C-4522-4D17-97F5-0DEC371F30A2}
		{A459D75A-EA64-4A8E-85D9-7C39F9CB6A3E} = {79AD851C-4522-4D17-97F5-0DEC371F30A2}
		{C229B8D2-6972-4621-820A-352850EB912E} = {79AD851C-4522-4D17-97F5-0DEC371F30A2}
		{03A80C67-A1E2-4E4B-B042-D67EA5806A76} = {79AD851C-4522-4D17-97F5-0DEC371F30A2}
		{EC9C9F7D-4488-4C71-ACEB-341DFE6214FD} = {79AD851C-4522-4D17-97F5-0DEC371F30A2}
		{1FC6FBDE-AB81-47F5-B4B8-ADFCDF3D9F20} = {79AD851C-4522-4D17-97F5-0DEC371F30A2}
		{52FCA349-9C76-4D32-B21F-4C6B8FABF4CF} = {79AD851C-4522-4D17-97F5-0DEC371F30A2}
		{366AEA11-A1F7-4301-80D8-38FA05E1C115} = {79AD851C-4522-4D17-97F5-0DEC371F30A2}
		{4412151D-34EB-4CDC-AA0C-B9DC38A1C14A} = {79AD851C-4522-4D17-97F5-0DEC371F30A2}
		{AA9F46B2-E5B0-48C2-B9C5-40FD810A7372} = {79AD851C-4522-4D17-97F5-0DEC371F30A2}
		{C12ECF18-A535-4940-BA4A-1609E48CE8AC} = {79AD851C-4522-4D17-97F5-0DEC371F30A2}
		{8CEC65E7-331F-4E36-80B1-40D6AF338A83} = {79AD851C-4522-4D17-97F5-0DEC371F30A2}
		{B7635044-DD88-4577-91F8-0FBD7FBEDB88} = {79AD851C-4522-4D17-97F5-0DEC371F30A2}
	EndGlobalSection
EndGlobal
